
Microsoft Visual Studio Solution File, Format Version 11.00
# Visual Studio 2010
Project("{8BC9CEB8-8B4A-11D0-8D11-00A0C91BC942}") = "SquishedStatus", "SquishedStatus\SquishedStatus.vcxproj", "{C07E30A6-7380-4DCD-992E-0B6A7CAC1BDE}"
EndProject
Global
	GlobalSection(SolutionConfigurationPlatforms) = preSolution
		Debug|Win32 = Debug|Win32
		Release|Win32 = Release|Win32
	EndGlobalSection
	GlobalSection(ProjectConfigurationPlatforms) = postSolution
		{C07E30A6-7380-4DCD-992E-0B6A7CAC1BDE}.Debug|Win32.ActiveCfg = Debug|Win32
		{C07E30A6-7380-4DCD-992E-0B6A7CAC1BDE}.Debug|Win32.Build.0 = Debug|Win32
		{C07E30A6-7380-4DCD-992E-0B6A7CAC1BDE}.Release|Win32.ActiveCfg = Release|Win32
		{C07E30A6-7380-4DCD-992E-0B6A7CAC1BDE}.Release|Win32.Build.0 = Release|Win32
	EndGlobalSection
	GlobalSection(SolutionProperties) = preSolution
		HideSolutionNode = FALSE
	EndGlobalSection
EndGlobal
