
Microsoft Visual Studio Solution File, Format Version 12.00
# Visual Studio 2012
Project("{8BC9CEB8-8B4A-11D0-8D11-00A0C91BC942}") = "POJ3468_ProblemIntegers", "POJ3468_ProblemIntegers\POJ3468_ProblemIntegers.vcxproj", "{8BDF8F80-8364-483D-AD8A-365728FF1A23}"
EndProject
Global
	GlobalSection(SolutionConfigurationPlatforms) = preSolution
		Debug|Win32 = Debug|Win32
		Debug|x64 = Debug|x64
		Release|Win32 = Release|Win32
		Release|x64 = Release|x64
	EndGlobalSection
	GlobalSection(ProjectConfigurationPlatforms) = postSolution
		{8BDF8F80-8364-483D-AD8A-365728FF1A23}.Debug|Win32.ActiveCfg = Debug|Win32
		{8BDF8F80-8364-483D-AD8A-365728FF1A23}.Debug|Win32.Build.0 = Debug|Win32
		{8BDF8F80-8364-483D-AD8A-365728FF1A23}.Debug|x64.ActiveCfg = Debug|x64
		{8BDF8F80-8364-483D-AD8A-365728FF1A23}.Debug|x64.Build.0 = Debug|x64
		{8BDF8F80-8364-483D-AD8A-365728FF1A23}.Release|Win32.ActiveCfg = Release|Win32
		{8BDF8F80-8364-483D-AD8A-365728FF1A23}.Release|Win32.Build.0 = Release|Win32
		{8BDF8F80-8364-483D-AD8A-365728FF1A23}.Release|x64.ActiveCfg = Release|x64
		{8BDF8F80-8364-483D-AD8A-365728FF1A23}.Release|x64.Build.0 = Release|x64
	EndGlobalSection
	GlobalSection(SolutionProperties) = preSolution
		HideSolutionNode = FALSE
	EndGlobalSection
EndGlobal
