
Microsoft Visual Studio Solution File, Format Version 12.00
# Visual Studio 2012
Project("{8BC9CEB8-8B4A-11D0-8D11-00A0C91BC942}") = "SumRootToLeafNumbers", "SumRootToLeafNumbers\SumRootToLeafNumbers.vcxproj", "{6C4C9049-BF1B-4CA7-8C80-A82B106FF555}"
EndProject
Global
	GlobalSection(SolutionConfigurationPlatforms) = preSolution
		Debug|Win32 = Debug|Win32
		Release|Win32 = Release|Win32
	EndGlobalSection
	GlobalSection(ProjectConfigurationPlatforms) = postSolution
		{6C4C9049-BF1B-4CA7-8C80-A82B106FF555}.Debug|Win32.ActiveCfg = Debug|Win32
		{6C4C9049-BF1B-4CA7-8C80-A82B106FF555}.Debug|Win32.Build.0 = Debug|Win32
		{6C4C9049-BF1B-4CA7-8C80-A82B106FF555}.Release|Win32.ActiveCfg = Release|Win32
		{6C4C9049-BF1B-4CA7-8C80-A82B106FF555}.Release|Win32.Build.0 = Release|Win32
	EndGlobalSection
	GlobalSection(SolutionProperties) = preSolution
		HideSolutionNode = FALSE
	EndGlobalSection
EndGlobal
