
Microsoft Visual Studio Solution File, Format Version 11.00
# Visual Studio 2010
Project("{8BC9CEB8-8B4A-11D0-8D11-00A0C91BC942}") = "MinimumWindowSubstring", "MinimumWindowSubstring\MinimumWindowSubstring.vcxproj", "{F99E1527-3102-4FB4-B791-AD3E48E3799A}"
EndProject
Global
	GlobalSection(SolutionConfigurationPlatforms) = preSolution
		Debug|Win32 = Debug|Win32
		Release|Win32 = Release|Win32
	EndGlobalSection
	GlobalSection(ProjectConfigurationPlatforms) = postSolution
		{F99E1527-3102-4FB4-B791-AD3E48E3799A}.Debug|Win32.ActiveCfg = Debug|Win32
		{F99E1527-3102-4FB4-B791-AD3E48E3799A}.Debug|Win32.Build.0 = Debug|Win32
		{F99E1527-3102-4FB4-B791-AD3E48E3799A}.Release|Win32.ActiveCfg = Release|Win32
		{F99E1527-3102-4FB4-B791-AD3E48E3799A}.Release|Win32.Build.0 = Release|Win32
	EndGlobalSection
	GlobalSection(SolutionProperties) = preSolution
		HideSolutionNode = FALSE
	EndGlobalSection
EndGlobal
