
Microsoft Visual Studio Solution File, Format Version 11.00
# Visual Studio 2010
Project("{8BC9CEB8-8B4A-11D0-8D11-00A0C91BC942}") = "KthPermutation", "KthPermutation\KthPermutation.vcxproj", "{DEE33191-B37B-4985-8D76-6F3A6C46A65F}"
EndProject
Global
	GlobalSection(SolutionConfigurationPlatforms) = preSolution
		Debug|Win32 = Debug|Win32
		Release|Win32 = Release|Win32
	EndGlobalSection
	GlobalSection(ProjectConfigurationPlatforms) = postSolution
		{DEE33191-B37B-4985-8D76-6F3A6C46A65F}.Debug|Win32.ActiveCfg = Debug|Win32
		{DEE33191-B37B-4985-8D76-6F3A6C46A65F}.Debug|Win32.Build.0 = Debug|Win32
		{DEE33191-B37B-4985-8D76-6F3A6C46A65F}.Release|Win32.ActiveCfg = Release|Win32
		{DEE33191-B37B-4985-8D76-6F3A6C46A65F}.Release|Win32.Build.0 = Release|Win32
	EndGlobalSection
	GlobalSection(SolutionProperties) = preSolution
		HideSolutionNode = FALSE
	EndGlobalSection
EndGlobal
