
Microsoft Visual Studio Solution File, Format Version 11.00
# Visual Studio 2010
Project("{8BC9CEB8-8B4A-11D0-8D11-00A0C91BC942}") = "DutchColorSort", "DutchColorSort\DutchColorSort.vcxproj", "{E064DEF7-3593-41CD-893F-2711F2515FD8}"
EndProject
Global
	GlobalSection(SolutionConfigurationPlatforms) = preSolution
		Debug|Win32 = Debug|Win32
		Release|Win32 = Release|Win32
	EndGlobalSection
	GlobalSection(ProjectConfigurationPlatforms) = postSolution
		{E064DEF7-3593-41CD-893F-2711F2515FD8}.Debug|Win32.ActiveCfg = Debug|Win32
		{E064DEF7-3593-41CD-893F-2711F2515FD8}.Debug|Win32.Build.0 = Debug|Win32
		{E064DEF7-3593-41CD-893F-2711F2515FD8}.Release|Win32.ActiveCfg = Release|Win32
		{E064DEF7-3593-41CD-893F-2711F2515FD8}.Release|Win32.Build.0 = Release|Win32
	EndGlobalSection
	GlobalSection(SolutionProperties) = preSolution
		HideSolutionNode = FALSE
	EndGlobalSection
EndGlobal
