
Microsoft Visual Studio Solution File, Format Version 12.00
# Visual Studio 2012
Project("{8BC9CEB8-8B4A-11D0-8D11-00A0C91BC942}") = "BinaryTreeMaxPathSum", "BinaryTreeMaxPathSum\BinaryTreeMaxPathSum.vcxproj", "{4D1DB040-26C8-4CA5-B62B-4A15BDACD1C7}"
EndProject
Global
	GlobalSection(SolutionConfigurationPlatforms) = preSolution
		Debug|Win32 = Debug|Win32
		Release|Win32 = Release|Win32
	EndGlobalSection
	GlobalSection(ProjectConfigurationPlatforms) = postSolution
		{4D1DB040-26C8-4CA5-B62B-4A15BDACD1C7}.Debug|Win32.ActiveCfg = Debug|Win32
		{4D1DB040-26C8-4CA5-B62B-4A15BDACD1C7}.Debug|Win32.Build.0 = Debug|Win32
		{4D1DB040-26C8-4CA5-B62B-4A15BDACD1C7}.Release|Win32.ActiveCfg = Release|Win32
		{4D1DB040-26C8-4CA5-B62B-4A15BDACD1C7}.Release|Win32.Build.0 = Release|Win32
	EndGlobalSection
	GlobalSection(SolutionProperties) = preSolution
		HideSolutionNode = FALSE
	EndGlobalSection
EndGlobal
