
Microsoft Visual Studio Solution File, Format Version 12.00
# Visual Studio 2012
Project("{8BC9CEB8-8B4A-11D0-8D11-00A0C91BC942}") = "ZOJ1610_CountTheColors", "ZOJ1610_CountTheColors\ZOJ1610_CountTheColors.vcxproj", "{61817A91-B21F-4568-8BA1-0C3DF2B8B97F}"
EndProject
Global
	GlobalSection(SolutionConfigurationPlatforms) = preSolution
		Debug|Win32 = Debug|Win32
		Release|Win32 = Release|Win32
	EndGlobalSection
	GlobalSection(ProjectConfigurationPlatforms) = postSolution
		{61817A91-B21F-4568-8BA1-0C3DF2B8B97F}.Debug|Win32.ActiveCfg = Debug|Win32
		{61817A91-B21F-4568-8BA1-0C3DF2B8B97F}.Debug|Win32.Build.0 = Debug|Win32
		{61817A91-B21F-4568-8BA1-0C3DF2B8B97F}.Release|Win32.ActiveCfg = Release|Win32
		{61817A91-B21F-4568-8BA1-0C3DF2B8B97F}.Release|Win32.Build.0 = Release|Win32
	EndGlobalSection
	GlobalSection(SolutionProperties) = preSolution
		HideSolutionNode = FALSE
	EndGlobalSection
EndGlobal
