
Microsoft Visual Studio Solution File, Format Version 11.00
# Visual Studio 2010
Project("{8BC9CEB8-8B4A-11D0-8D11-00A0C91BC942}") = "UniquePathesII", "UniquePathesII\UniquePathesII.vcxproj", "{21CE2C2C-492A-4222-ACEE-875F3FCB5EBE}"
EndProject
Global
	GlobalSection(SolutionConfigurationPlatforms) = preSolution
		Debug|Win32 = Debug|Win32
		Release|Win32 = Release|Win32
	EndGlobalSection
	GlobalSection(ProjectConfigurationPlatforms) = postSolution
		{21CE2C2C-492A-4222-ACEE-875F3FCB5EBE}.Debug|Win32.ActiveCfg = Debug|Win32
		{21CE2C2C-492A-4222-ACEE-875F3FCB5EBE}.Debug|Win32.Build.0 = Debug|Win32
		{21CE2C2C-492A-4222-ACEE-875F3FCB5EBE}.Release|Win32.ActiveCfg = Release|Win32
		{21CE2C2C-492A-4222-ACEE-875F3FCB5EBE}.Release|Win32.Build.0 = Release|Win32
	EndGlobalSection
	GlobalSection(SolutionProperties) = preSolution
		HideSolutionNode = FALSE
	EndGlobalSection
EndGlobal
