
Microsoft Visual Studio Solution File, Format Version 11.00
# Visual Studio 2010
Project("{8BC9CEB8-8B4A-11D0-8D11-00A0C91BC942}") = "kThIntPrimeFactors357", "kThIntPrimeFactors357\kThIntPrimeFactors357.vcxproj", "{CF4E6A5F-CF9F-464B-A334-288F6F0AEBAE}"
EndProject
Global
	GlobalSection(SolutionConfigurationPlatforms) = preSolution
		Debug|Win32 = Debug|Win32
		Release|Win32 = Release|Win32
	EndGlobalSection
	GlobalSection(ProjectConfigurationPlatforms) = postSolution
		{CF4E6A5F-CF9F-464B-A334-288F6F0AEBAE}.Debug|Win32.ActiveCfg = Debug|Win32
		{CF4E6A5F-CF9F-464B-A334-288F6F0AEBAE}.Debug|Win32.Build.0 = Debug|Win32
		{CF4E6A5F-CF9F-464B-A334-288F6F0AEBAE}.Release|Win32.ActiveCfg = Release|Win32
		{CF4E6A5F-CF9F-464B-A334-288F6F0AEBAE}.Release|Win32.Build.0 = Release|Win32
	EndGlobalSection
	GlobalSection(SolutionProperties) = preSolution
		HideSolutionNode = FALSE
	EndGlobalSection
EndGlobal
