
Microsoft Visual Studio Solution File, Format Version 12.00
# Visual Studio 2012
Project("{8BC9CEB8-8B4A-11D0-8D11-00A0C91BC942}") = "AsyncTasks", "AsyncTasks\AsyncTasks.vcxproj", "{FA8595B0-D2D9-402A-B238-975B2F962193}"
EndProject
Global
	GlobalSection(SolutionConfigurationPlatforms) = preSolution
		Debug|Win32 = Debug|Win32
		Release|Win32 = Release|Win32
	EndGlobalSection
	GlobalSection(ProjectConfigurationPlatforms) = postSolution
		{FA8595B0-D2D9-402A-B238-975B2F962193}.Debug|Win32.ActiveCfg = Debug|Win32
		{FA8595B0-D2D9-402A-B238-975B2F962193}.Debug|Win32.Build.0 = Debug|Win32
		{FA8595B0-D2D9-402A-B238-975B2F962193}.Release|Win32.ActiveCfg = Release|Win32
		{FA8595B0-D2D9-402A-B238-975B2F962193}.Release|Win32.Build.0 = Release|Win32
	EndGlobalSection
	GlobalSection(SolutionProperties) = preSolution
		HideSolutionNode = FALSE
	EndGlobalSection
EndGlobal
