
Microsoft Visual Studio Solution File, Format Version 12.00
# Visual Studio 2012
Project("{8BC9CEB8-8B4A-11D0-8D11-00A0C91BC942}") = "POJ1151_Atlantis", "POJ1151_Atlantis\POJ1151_Atlantis.vcxproj", "{6631987A-55B9-491C-A5FE-4F25B236044E}"
EndProject
Global
	GlobalSection(SolutionConfigurationPlatforms) = preSolution
		Debug|Win32 = Debug|Win32
		Release|Win32 = Release|Win32
	EndGlobalSection
	GlobalSection(ProjectConfigurationPlatforms) = postSolution
		{6631987A-55B9-491C-A5FE-4F25B236044E}.Debug|Win32.ActiveCfg = Debug|Win32
		{6631987A-55B9-491C-A5FE-4F25B236044E}.Debug|Win32.Build.0 = Debug|Win32
		{6631987A-55B9-491C-A5FE-4F25B236044E}.Release|Win32.ActiveCfg = Release|Win32
		{6631987A-55B9-491C-A5FE-4F25B236044E}.Release|Win32.Build.0 = Release|Win32
	EndGlobalSection
	GlobalSection(SolutionProperties) = preSolution
		HideSolutionNode = FALSE
	EndGlobalSection
EndGlobal
