
Microsoft Visual Studio Solution File, Format Version 11.00
# Visual Studio 2010
Project("{8BC9CEB8-8B4A-11D0-8D11-00A0C91BC942}") = "Problem02", "Problem02\Problem02.vcxproj", "{3DC658C9-7543-4935-BF80-01D4057F866B}"
EndProject
Project("{8BC9CEB8-8B4A-11D0-8D11-00A0C91BC942}") = "Problem01", "Problem01\Problem01.vcxproj", "{BBE619D5-AF19-4EFF-8EF5-3D036E95FFE6}"
EndProject
Project("{8BC9CEB8-8B4A-11D0-8D11-00A0C91BC942}") = "Problem03", "Problem03\Problem03.vcxproj", "{56619111-0994-4CE7-B8C7-299F31437341}"
EndProject
Project("{8BC9CEB8-8B4A-11D0-8D11-00A0C91BC942}") = "Problem03b", "Problem03b\Problem03b.vcxproj", "{39EB3EF5-37FE-42D9-8742-21D950C1B50D}"
EndProject
Global
	GlobalSection(SolutionConfigurationPlatforms) = preSolution
		Debug|Win32 = Debug|Win32
		Release|Win32 = Release|Win32
	EndGlobalSection
	GlobalSection(ProjectConfigurationPlatforms) = postSolution
		{3DC658C9-7543-4935-BF80-01D4057F866B}.Debug|Win32.ActiveCfg = Debug|Win32
		{3DC658C9-7543-4935-BF80-01D4057F866B}.Debug|Win32.Build.0 = Debug|Win32
		{3DC658C9-7543-4935-BF80-01D4057F866B}.Release|Win32.ActiveCfg = Release|Win32
		{3DC658C9-7543-4935-BF80-01D4057F866B}.Release|Win32.Build.0 = Release|Win32
		{BBE619D5-AF19-4EFF-8EF5-3D036E95FFE6}.Debug|Win32.ActiveCfg = Debug|Win32
		{BBE619D5-AF19-4EFF-8EF5-3D036E95FFE6}.Debug|Win32.Build.0 = Debug|Win32
		{BBE619D5-AF19-4EFF-8EF5-3D036E95FFE6}.Release|Win32.ActiveCfg = Release|Win32
		{BBE619D5-AF19-4EFF-8EF5-3D036E95FFE6}.Release|Win32.Build.0 = Release|Win32
		{56619111-0994-4CE7-B8C7-299F31437341}.Debug|Win32.ActiveCfg = Debug|Win32
		{56619111-0994-4CE7-B8C7-299F31437341}.Debug|Win32.Build.0 = Debug|Win32
		{56619111-0994-4CE7-B8C7-299F31437341}.Release|Win32.ActiveCfg = Release|Win32
		{56619111-0994-4CE7-B8C7-299F31437341}.Release|Win32.Build.0 = Release|Win32
		{39EB3EF5-37FE-42D9-8742-21D950C1B50D}.Debug|Win32.ActiveCfg = Debug|Win32
		{39EB3EF5-37FE-42D9-8742-21D950C1B50D}.Debug|Win32.Build.0 = Debug|Win32
		{39EB3EF5-37FE-42D9-8742-21D950C1B50D}.Release|Win32.ActiveCfg = Release|Win32
		{39EB3EF5-37FE-42D9-8742-21D950C1B50D}.Release|Win32.Build.0 = Release|Win32
	EndGlobalSection
	GlobalSection(SolutionProperties) = preSolution
		HideSolutionNode = FALSE
	EndGlobalSection
EndGlobal
