
Microsoft Visual Studio Solution File, Format Version 12.00
# Visual Studio 2012
Project("{8BC9CEB8-8B4A-11D0-8D11-00A0C91BC942}") = "PascalTriangle", "PascalTriangle\PascalTriangle.vcxproj", "{34EB288B-623E-462B-816E-0F298A685845}"
EndProject
Global
	GlobalSection(SolutionConfigurationPlatforms) = preSolution
		Debug|Win32 = Debug|Win32
		Release|Win32 = Release|Win32
	EndGlobalSection
	GlobalSection(ProjectConfigurationPlatforms) = postSolution
		{34EB288B-623E-462B-816E-0F298A685845}.Debug|Win32.ActiveCfg = Debug|Win32
		{34EB288B-623E-462B-816E-0F298A685845}.Debug|Win32.Build.0 = Debug|Win32
		{34EB288B-623E-462B-816E-0F298A685845}.Release|Win32.ActiveCfg = Release|Win32
		{34EB288B-623E-462B-816E-0F298A685845}.Release|Win32.Build.0 = Release|Win32
	EndGlobalSection
	GlobalSection(SolutionProperties) = preSolution
		HideSolutionNode = FALSE
	EndGlobalSection
EndGlobal
