
Microsoft Visual Studio Solution File, Format Version 11.00
# Visual Studio 2010
Project("{8BC9CEB8-8B4A-11D0-8D11-00A0C91BC942}") = "AddTwoNumbers", "AddTwoNumbers\AddTwoNumbers.vcxproj", "{EF0EB684-6B59-4703-8522-C7094F732805}"
EndProject
Global
	GlobalSection(SolutionConfigurationPlatforms) = preSolution
		Debug|Win32 = Debug|Win32
		Release|Win32 = Release|Win32
	EndGlobalSection
	GlobalSection(ProjectConfigurationPlatforms) = postSolution
		{EF0EB684-6B59-4703-8522-C7094F732805}.Debug|Win32.ActiveCfg = Debug|Win32
		{EF0EB684-6B59-4703-8522-C7094F732805}.Debug|Win32.Build.0 = Debug|Win32
		{EF0EB684-6B59-4703-8522-C7094F732805}.Release|Win32.ActiveCfg = Release|Win32
		{EF0EB684-6B59-4703-8522-C7094F732805}.Release|Win32.Build.0 = Release|Win32
	EndGlobalSection
	GlobalSection(SolutionProperties) = preSolution
		HideSolutionNode = FALSE
	EndGlobalSection
EndGlobal
