
Microsoft Visual Studio Solution File, Format Version 11.00
# Visual Studio 2010
Project("{8BC9CEB8-8B4A-11D0-8D11-00A0C91BC942}") = "PrimeFactors", "PrimeFactors\PrimeFactors.vcxproj", "{A9EE991F-53C9-4758-8E0F-235C6D1E5457}"
EndProject
Global
	GlobalSection(SolutionConfigurationPlatforms) = preSolution
		Debug|Win32 = Debug|Win32
		Release|Win32 = Release|Win32
	EndGlobalSection
	GlobalSection(ProjectConfigurationPlatforms) = postSolution
		{A9EE991F-53C9-4758-8E0F-235C6D1E5457}.Debug|Win32.ActiveCfg = Debug|Win32
		{A9EE991F-53C9-4758-8E0F-235C6D1E5457}.Debug|Win32.Build.0 = Debug|Win32
		{A9EE991F-53C9-4758-8E0F-235C6D1E5457}.Release|Win32.ActiveCfg = Release|Win32
		{A9EE991F-53C9-4758-8E0F-235C6D1E5457}.Release|Win32.Build.0 = Release|Win32
	EndGlobalSection
	GlobalSection(SolutionProperties) = preSolution
		HideSolutionNode = FALSE
	EndGlobalSection
EndGlobal
