
Microsoft Visual Studio Solution File, Format Version 11.00
# Visual Studio 2010
Project("{8BC9CEB8-8B4A-11D0-8D11-00A0C91BC942}") = "SkipListSet", "SkipListSet\SkipListSet.vcxproj", "{F2EA3917-F7F5-4900-8855-3C811DB921F8}"
EndProject
Global
	GlobalSection(SolutionConfigurationPlatforms) = preSolution
		Debug|Win32 = Debug|Win32
		Release|Win32 = Release|Win32
	EndGlobalSection
	GlobalSection(ProjectConfigurationPlatforms) = postSolution
		{F2EA3917-F7F5-4900-8855-3C811DB921F8}.Debug|Win32.ActiveCfg = Debug|Win32
		{F2EA3917-F7F5-4900-8855-3C811DB921F8}.Debug|Win32.Build.0 = Debug|Win32
		{F2EA3917-F7F5-4900-8855-3C811DB921F8}.Release|Win32.ActiveCfg = Release|Win32
		{F2EA3917-F7F5-4900-8855-3C811DB921F8}.Release|Win32.Build.0 = Release|Win32
	EndGlobalSection
	GlobalSection(SolutionProperties) = preSolution
		HideSolutionNode = FALSE
	EndGlobalSection
EndGlobal
