
Microsoft Visual Studio Solution File, Format Version 12.00
# Visual Studio 2012
Project("{8BC9CEB8-8B4A-11D0-8D11-00A0C91BC942}") = "HDU1541_Stars", "HDU1541_Stars\HDU1541_Stars.vcxproj", "{39CFFB8D-1269-4CA2-9339-FE2E0FD4DE1D}"
EndProject
Global
	GlobalSection(SolutionConfigurationPlatforms) = preSolution
		Debug|Win32 = Debug|Win32
		Release|Win32 = Release|Win32
	EndGlobalSection
	GlobalSection(ProjectConfigurationPlatforms) = postSolution
		{39CFFB8D-1269-4CA2-9339-FE2E0FD4DE1D}.Debug|Win32.ActiveCfg = Debug|Win32
		{39CFFB8D-1269-4CA2-9339-FE2E0FD4DE1D}.Debug|Win32.Build.0 = Debug|Win32
		{39CFFB8D-1269-4CA2-9339-FE2E0FD4DE1D}.Release|Win32.ActiveCfg = Release|Win32
		{39CFFB8D-1269-4CA2-9339-FE2E0FD4DE1D}.Release|Win32.Build.0 = Release|Win32
	EndGlobalSection
	GlobalSection(SolutionProperties) = preSolution
		HideSolutionNode = FALSE
	EndGlobalSection
EndGlobal
