
Microsoft Visual Studio Solution File, Format Version 11.00
# Visual Studio 2010
Project("{8BC9CEB8-8B4A-11D0-8D11-00A0C91BC942}") = "DAG_Copy", "DAG_Copy\DAG_Copy.vcxproj", "{AEDFD92C-36CA-40C1-BDD4-AEEBD9761258}"
EndProject
Global
	GlobalSection(SolutionConfigurationPlatforms) = preSolution
		Debug|Win32 = Debug|Win32
		Release|Win32 = Release|Win32
	EndGlobalSection
	GlobalSection(ProjectConfigurationPlatforms) = postSolution
		{AEDFD92C-36CA-40C1-BDD4-AEEBD9761258}.Debug|Win32.ActiveCfg = Debug|Win32
		{AEDFD92C-36CA-40C1-BDD4-AEEBD9761258}.Debug|Win32.Build.0 = Debug|Win32
		{AEDFD92C-36CA-40C1-BDD4-AEEBD9761258}.Release|Win32.ActiveCfg = Release|Win32
		{AEDFD92C-36CA-40C1-BDD4-AEEBD9761258}.Release|Win32.Build.0 = Release|Win32
	EndGlobalSection
	GlobalSection(SolutionProperties) = preSolution
		HideSolutionNode = FALSE
	EndGlobalSection
EndGlobal
