
Microsoft Visual Studio Solution File, Format Version 11.00
# Visual Studio 2010
Project("{8BC9CEB8-8B4A-11D0-8D11-00A0C91BC942}") = "CloneLinkedList", "CloneLinkedList\CloneLinkedList.vcxproj", "{B190AB7E-0F81-44CF-AE0D-74206DEE4CB9}"
EndProject
Global
	GlobalSection(SolutionConfigurationPlatforms) = preSolution
		Debug|Win32 = Debug|Win32
		Release|Win32 = Release|Win32
	EndGlobalSection
	GlobalSection(ProjectConfigurationPlatforms) = postSolution
		{B190AB7E-0F81-44CF-AE0D-74206DEE4CB9}.Debug|Win32.ActiveCfg = Debug|Win32
		{B190AB7E-0F81-44CF-AE0D-74206DEE4CB9}.Debug|Win32.Build.0 = Debug|Win32
		{B190AB7E-0F81-44CF-AE0D-74206DEE4CB9}.Release|Win32.ActiveCfg = Release|Win32
		{B190AB7E-0F81-44CF-AE0D-74206DEE4CB9}.Release|Win32.Build.0 = Release|Win32
	EndGlobalSection
	GlobalSection(SolutionProperties) = preSolution
		HideSolutionNode = FALSE
	EndGlobalSection
EndGlobal
