
Microsoft Visual Studio Solution File, Format Version 11.00
# Visual Studio 2010
Project("{8BC9CEB8-8B4A-11D0-8D11-00A0C91BC942}") = "SParkCodingTest", "SParkCodingTest\SParkCodingTest.vcxproj", "{A2DA9623-07C2-441F-8ED6-2340D59A4542}"
EndProject
Global
	GlobalSection(SolutionConfigurationPlatforms) = preSolution
		Debug|Win32 = Debug|Win32
		Release|Win32 = Release|Win32
	EndGlobalSection
	GlobalSection(ProjectConfigurationPlatforms) = postSolution
		{A2DA9623-07C2-441F-8ED6-2340D59A4542}.Debug|Win32.ActiveCfg = Debug|Win32
		{A2DA9623-07C2-441F-8ED6-2340D59A4542}.Debug|Win32.Build.0 = Debug|Win32
		{A2DA9623-07C2-441F-8ED6-2340D59A4542}.Release|Win32.ActiveCfg = Release|Win32
		{A2DA9623-07C2-441F-8ED6-2340D59A4542}.Release|Win32.Build.0 = Release|Win32
	EndGlobalSection
	GlobalSection(SolutionProperties) = preSolution
		HideSolutionNode = FALSE
	EndGlobalSection
EndGlobal
