
Microsoft Visual Studio Solution File, Format Version 11.00
# Visual Studio 2010
Project("{8BC9CEB8-8B4A-11D0-8D11-00A0C91BC942}") = "FindAnagrams", "FindAnagrams\FindAnagrams.vcxproj", "{580169EB-BB46-4DB4-A0C1-470F17BFDCEA}"
EndProject
Global
	GlobalSection(SolutionConfigurationPlatforms) = preSolution
		Debug|Win32 = Debug|Win32
		Release|Win32 = Release|Win32
	EndGlobalSection
	GlobalSection(ProjectConfigurationPlatforms) = postSolution
		{580169EB-BB46-4DB4-A0C1-470F17BFDCEA}.Debug|Win32.ActiveCfg = Debug|Win32
		{580169EB-BB46-4DB4-A0C1-470F17BFDCEA}.Debug|Win32.Build.0 = Debug|Win32
		{580169EB-BB46-4DB4-A0C1-470F17BFDCEA}.Release|Win32.ActiveCfg = Release|Win32
		{580169EB-BB46-4DB4-A0C1-470F17BFDCEA}.Release|Win32.Build.0 = Release|Win32
	EndGlobalSection
	GlobalSection(SolutionProperties) = preSolution
		HideSolutionNode = FALSE
	EndGlobalSection
EndGlobal
