
Microsoft Visual Studio Solution File, Format Version 12.00
# Visual Studio 2012
Project("{8BC9CEB8-8B4A-11D0-8D11-00A0C91BC942}") = "TOJ1521_WarGamesII", "TOJ1521_WarGamesII\TOJ1521_WarGamesII.vcxproj", "{5250FDFB-2D2F-4BA9-85D5-6AE072B62367}"
EndProject
Global
	GlobalSection(SolutionConfigurationPlatforms) = preSolution
		Debug|Win32 = Debug|Win32
		Release|Win32 = Release|Win32
	EndGlobalSection
	GlobalSection(ProjectConfigurationPlatforms) = postSolution
		{5250FDFB-2D2F-4BA9-85D5-6AE072B62367}.Debug|Win32.ActiveCfg = Debug|Win32
		{5250FDFB-2D2F-4BA9-85D5-6AE072B62367}.Debug|Win32.Build.0 = Debug|Win32
		{5250FDFB-2D2F-4BA9-85D5-6AE072B62367}.Release|Win32.ActiveCfg = Release|Win32
		{5250FDFB-2D2F-4BA9-85D5-6AE072B62367}.Release|Win32.Build.0 = Release|Win32
	EndGlobalSection
	GlobalSection(SolutionProperties) = preSolution
		HideSolutionNode = FALSE
	EndGlobalSection
EndGlobal
