
Microsoft Visual Studio Solution File, Format Version 12.00
# Visual Studio 2012
Project("{8BC9CEB8-8B4A-11D0-8D11-00A0C91BC942}") = "SurroundedRegions", "SurroundedRegions\SurroundedRegions.vcxproj", "{82AECBD3-B49F-4D5C-B80F-C8A03285BCAA}"
EndProject
Global
	GlobalSection(SolutionConfigurationPlatforms) = preSolution
		Debug|Win32 = Debug|Win32
		Release|Win32 = Release|Win32
	EndGlobalSection
	GlobalSection(ProjectConfigurationPlatforms) = postSolution
		{82AECBD3-B49F-4D5C-B80F-C8A03285BCAA}.Debug|Win32.ActiveCfg = Debug|Win32
		{82AECBD3-B49F-4D5C-B80F-C8A03285BCAA}.Debug|Win32.Build.0 = Debug|Win32
		{82AECBD3-B49F-4D5C-B80F-C8A03285BCAA}.Release|Win32.ActiveCfg = Release|Win32
		{82AECBD3-B49F-4D5C-B80F-C8A03285BCAA}.Release|Win32.Build.0 = Release|Win32
	EndGlobalSection
	GlobalSection(SolutionProperties) = preSolution
		HideSolutionNode = FALSE
	EndGlobalSection
EndGlobal
