
Microsoft Visual Studio Solution File, Format Version 11.00
# Visual Studio 2010
Project("{8BC9CEB8-8B4A-11D0-8D11-00A0C91BC942}") = "RomanNumerals", "RomanNumerals\RomanNumerals.vcxproj", "{1207D8C0-A86E-4605-A01B-FAE4C535A712}"
EndProject
Global
	GlobalSection(SolutionConfigurationPlatforms) = preSolution
		Debug|Win32 = Debug|Win32
		Release|Win32 = Release|Win32
	EndGlobalSection
	GlobalSection(ProjectConfigurationPlatforms) = postSolution
		{1207D8C0-A86E-4605-A01B-FAE4C535A712}.Debug|Win32.ActiveCfg = Debug|Win32
		{1207D8C0-A86E-4605-A01B-FAE4C535A712}.Debug|Win32.Build.0 = Debug|Win32
		{1207D8C0-A86E-4605-A01B-FAE4C535A712}.Release|Win32.ActiveCfg = Release|Win32
		{1207D8C0-A86E-4605-A01B-FAE4C535A712}.Release|Win32.Build.0 = Release|Win32
	EndGlobalSection
	GlobalSection(SolutionProperties) = preSolution
		HideSolutionNode = FALSE
	EndGlobalSection
EndGlobal
