
Microsoft Visual Studio Solution File, Format Version 11.00
# Visual Studio 2010
Project("{8BC9CEB8-8B4A-11D0-8D11-00A0C91BC942}") = "LongestCommonPrefix", "LongestCommonPrefix\LongestCommonPrefix.vcxproj", "{39FC221C-7D3D-477D-AAFE-97030D6DE5AA}"
EndProject
Global
	GlobalSection(SolutionConfigurationPlatforms) = preSolution
		Debug|Win32 = Debug|Win32
		Release|Win32 = Release|Win32
	EndGlobalSection
	GlobalSection(ProjectConfigurationPlatforms) = postSolution
		{39FC221C-7D3D-477D-AAFE-97030D6DE5AA}.Debug|Win32.ActiveCfg = Debug|Win32
		{39FC221C-7D3D-477D-AAFE-97030D6DE5AA}.Debug|Win32.Build.0 = Debug|Win32
		{39FC221C-7D3D-477D-AAFE-97030D6DE5AA}.Release|Win32.ActiveCfg = Release|Win32
		{39FC221C-7D3D-477D-AAFE-97030D6DE5AA}.Release|Win32.Build.0 = Release|Win32
	EndGlobalSection
	GlobalSection(SolutionProperties) = preSolution
		HideSolutionNode = FALSE
	EndGlobalSection
EndGlobal
