
Microsoft Visual Studio Solution File, Format Version 11.00
# Visual Studio 2010
Project("{8BC9CEB8-8B4A-11D0-8D11-00A0C91BC942}") = "stl_functor_predicates", "stl_functor_predicates\stl_functor_predicates.vcxproj", "{8020BA58-D87C-42F7-82CF-801C551CB656}"
EndProject
Global
	GlobalSection(SolutionConfigurationPlatforms) = preSolution
		Debug|Win32 = Debug|Win32
		Release|Win32 = Release|Win32
	EndGlobalSection
	GlobalSection(ProjectConfigurationPlatforms) = postSolution
		{8020BA58-D87C-42F7-82CF-801C551CB656}.Debug|Win32.ActiveCfg = Debug|Win32
		{8020BA58-D87C-42F7-82CF-801C551CB656}.Debug|Win32.Build.0 = Debug|Win32
		{8020BA58-D87C-42F7-82CF-801C551CB656}.Release|Win32.ActiveCfg = Release|Win32
		{8020BA58-D87C-42F7-82CF-801C551CB656}.Release|Win32.Build.0 = Release|Win32
	EndGlobalSection
	GlobalSection(SolutionProperties) = preSolution
		HideSolutionNode = FALSE
	EndGlobalSection
EndGlobal
