
Microsoft Visual Studio Solution File, Format Version 11.00
# Visual Studio 2010
Project("{8BC9CEB8-8B4A-11D0-8D11-00A0C91BC942}") = "foundamentals", "foundamentals\foundamentals.vcxproj", "{4E1A2BAA-7647-4E12-AD63-B523C7093B28}"
EndProject
Global
	GlobalSection(SolutionConfigurationPlatforms) = preSolution
		Debug|Win32 = Debug|Win32
		Release|Win32 = Release|Win32
	EndGlobalSection
	GlobalSection(ProjectConfigurationPlatforms) = postSolution
		{4E1A2BAA-7647-4E12-AD63-B523C7093B28}.Debug|Win32.ActiveCfg = Debug|Win32
		{4E1A2BAA-7647-4E12-AD63-B523C7093B28}.Debug|Win32.Build.0 = Debug|Win32
		{4E1A2BAA-7647-4E12-AD63-B523C7093B28}.Release|Win32.ActiveCfg = Release|Win32
		{4E1A2BAA-7647-4E12-AD63-B523C7093B28}.Release|Win32.Build.0 = Release|Win32
	EndGlobalSection
	GlobalSection(SolutionProperties) = preSolution
		HideSolutionNode = FALSE
	EndGlobalSection
EndGlobal
